
Microsoft Visual Studio Solution File, Format Version 12.00
# Visual Studio Version 17
VisualStudioVersion = 17.8.34511.84
MinimumVisualStudioVersion = 10.0.40219.1
Project("{FAE04EC0-301F-11D3-BF4B-00C04F79EFBC}") = "ZeroHunger", "ZeroHunger.csproj", "{262219BA-7ED7-4159-BDBC-0B3E44F223EF}"
EndProject
Global
	GlobalSection(SolutionConfigurationPlatforms) = preSolution
		Debug|Any CPU = Debug|Any CPU
		Release|Any CPU = Release|Any CPU
	EndGlobalSection
	GlobalSection(ProjectConfigurationPlatforms) = postSolution
		{262219BA-7ED7-4159-BDBC-0B3E44F223EF}.Debug|Any CPU.ActiveCfg = Debug|Any CPU
		{262219BA-7ED7-4159-BDBC-0B3E44F223EF}.Debug|Any CPU.Build.0 = Debug|Any CPU
		{262219BA-7ED7-4159-BDBC-0B3E44F223EF}.Release|Any CPU.ActiveCfg = Release|Any CPU
		{262219BA-7ED7-4159-BDBC-0B3E44F223EF}.Release|Any CPU.Build.0 = Release|Any CPU
	EndGlobalSection
	GlobalSection(SolutionProperties) = preSolution
		HideSolutionNode = FALSE
	EndGlobalSection
	GlobalSection(ExtensibilityGlobals) = postSolution
		SolutionGuid = {A5E8B60F-3DD5-4240-9692-E8F31108B0C9}
	EndGlobalSection
EndGlobal
